
Microsoft Visual Studio Solution File, Format Version 12.00
# Visual Studio Version 17
VisualStudioVersion = 17.12.35527.113 d17.12
MinimumVisualStudioVersion = 10.0.40219.1
Project("{FAE04EC0-301F-11D3-BF4B-00C04F79EFBC}") = "Koşulİfadeleri(if-else-elseif)", "Koşulİfadeleri(if-else-elseif)\Koşulİfadeleri(if-else-elseif).csproj", "{FEBF9B6E-7E53-4BC8-912C-6017FE31A424}"
EndProject
Project("{FAE04EC0-301F-11D3-BF4B-00C04F79EFBC}") = "SwitchCase", "SwitchCase\SwitchCase.csproj", "{AB493D24-67C2-4FB2-B4EA-33994E09C7E9}"
EndProject
Project("{FAE04EC0-301F-11D3-BF4B-00C04F79EFBC}") = "KararYapilariAlistirma1", "KararYapilariAlistirma1\KararYapilariAlistirma1.csproj", "{8A603158-8082-4FC8-849C-D9F5479366F3}"
EndProject
Project("{FAE04EC0-301F-11D3-BF4B-00C04F79EFBC}") = "KararyYapilariAlistirma2", "KararyYapilariAlistirma2\KararyYapilariAlistirma2.csproj", "{01E78B74-5048-47AD-BBBF-09D24C9A4A18}"
EndProject
Project("{FAE04EC0-301F-11D3-BF4B-00C04F79EFBC}") = "KaraYapilariAlistirma3", "KaraYapilariAlistirma3\KaraYapilariAlistirma3.csproj", "{F4B62C1F-6638-4B7E-80A6-40725A9F3791}"
EndProject
Global
	GlobalSection(SolutionConfigurationPlatforms) = preSolution
		Debug|Any CPU = Debug|Any CPU
		Release|Any CPU = Release|Any CPU
	EndGlobalSection
	GlobalSection(ProjectConfigurationPlatforms) = postSolution
		{FEBF9B6E-7E53-4BC8-912C-6017FE31A424}.Debug|Any CPU.ActiveCfg = Debug|Any CPU
		{FEBF9B6E-7E53-4BC8-912C-6017FE31A424}.Debug|Any CPU.Build.0 = Debug|Any CPU
		{FEBF9B6E-7E53-4BC8-912C-6017FE31A424}.Release|Any CPU.ActiveCfg = Release|Any CPU
		{FEBF9B6E-7E53-4BC8-912C-6017FE31A424}.Release|Any CPU.Build.0 = Release|Any CPU
		{AB493D24-67C2-4FB2-B4EA-33994E09C7E9}.Debug|Any CPU.ActiveCfg = Debug|Any CPU
		{AB493D24-67C2-4FB2-B4EA-33994E09C7E9}.Debug|Any CPU.Build.0 = Debug|Any CPU
		{AB493D24-67C2-4FB2-B4EA-33994E09C7E9}.Release|Any CPU.ActiveCfg = Release|Any CPU
		{AB493D24-67C2-4FB2-B4EA-33994E09C7E9}.Release|Any CPU.Build.0 = Release|Any CPU
		{8A603158-8082-4FC8-849C-D9F5479366F3}.Debug|Any CPU.ActiveCfg = Debug|Any CPU
		{8A603158-8082-4FC8-849C-D9F5479366F3}.Debug|Any CPU.Build.0 = Debug|Any CPU
		{8A603158-8082-4FC8-849C-D9F5479366F3}.Release|Any CPU.ActiveCfg = Release|Any CPU
		{8A603158-8082-4FC8-849C-D9F5479366F3}.Release|Any CPU.Build.0 = Release|Any CPU
		{01E78B74-5048-47AD-BBBF-09D24C9A4A18}.Debug|Any CPU.ActiveCfg = Debug|Any CPU
		{01E78B74-5048-47AD-BBBF-09D24C9A4A18}.Debug|Any CPU.Build.0 = Debug|Any CPU
		{01E78B74-5048-47AD-BBBF-09D24C9A4A18}.Release|Any CPU.ActiveCfg = Release|Any CPU
		{01E78B74-5048-47AD-BBBF-09D24C9A4A18}.Release|Any CPU.Build.0 = Release|Any CPU
		{F4B62C1F-6638-4B7E-80A6-40725A9F3791}.Debug|Any CPU.ActiveCfg = Debug|Any CPU
		{F4B62C1F-6638-4B7E-80A6-40725A9F3791}.Debug|Any CPU.Build.0 = Debug|Any CPU
		{F4B62C1F-6638-4B7E-80A6-40725A9F3791}.Release|Any CPU.ActiveCfg = Release|Any CPU
		{F4B62C1F-6638-4B7E-80A6-40725A9F3791}.Release|Any CPU.Build.0 = Release|Any CPU
	EndGlobalSection
	GlobalSection(SolutionProperties) = preSolution
		HideSolutionNode = FALSE
	EndGlobalSection
EndGlobal
